// !$*UTF8*$!
{
	archiveVersion = 1;
	classes = {
	};
	objectVersion = 55;
	objects = {

/* Begin PBXBuildFile section */
		15C3D99C28D3D1910080B55A /* AppDelegate.swift in Sources */ = {isa = PBXBuildFile; fileRef = 15C3D99B28D3D1910080B55A /* AppDelegate.swift */; };
		15C3D99E28D3D1910080B55A /* SceneDelegate.swift in Sources */ = {isa = PBXBuildFile; fileRef = 15C3D99D28D3D1910080B55A /* SceneDelegate.swift */; };
		15C3D9A028D3D1910080B55A /* MoviesViewController.swift in Sources */ = {isa = PBXBuildFile; fileRef = 15C3D99F28D3D1910080B55A /* MoviesViewController.swift */; };
		15C3D9A328D3D1910080B55A /* Main.storyboard in Resources */ = {isa = PBXBuildFile; fileRef = 15C3D9A128D3D1910080B55A /* Main.storyboard */; };
		15C3D9A528D3D1930080B55A /* Assets.xcassets in Resources */ = {isa = PBXBuildFile; fileRef = 15C3D9A428D3D1930080B55A /* Assets.xcassets */; };
		15C3D9A828D3D1930080B55A /* LaunchScreen.storyboard in Resources */ = {isa = PBXBuildFile; fileRef = 15C3D9A628D3D1930080B55A /* LaunchScreen.storyboard */; };
		15C3D9B328D3D1930080B55A /* FlixTests.swift in Sources */ = {isa = PBXBuildFile; fileRef = 15C3D9B228D3D1930080B55A /* FlixTests.swift */; };
		15C3D9BD28D3D1930080B55A /* FlixUITests.swift in Sources */ = {isa = PBXBuildFile; fileRef = 15C3D9BC28D3D1930080B55A /* FlixUITests.swift */; };
		15C3D9BF28D3D1930080B55A /* FlixUITestsLaunchTests.swift in Sources */ = {isa = PBXBuildFile; fileRef = 15C3D9BE28D3D1930080B55A /* FlixUITestsLaunchTests.swift */; };
		15C3D9CC28D3F9B90080B55A /* MovieCell.swift in Sources */ = {isa = PBXBuildFile; fileRef = 15C3D9CB28D3F9B90080B55A /* MovieCell.swift */; };
		15C3D9CF28D3FFA30080B55A /* AlamofireImage in Frameworks */ = {isa = PBXBuildFile; productRef = 15C3D9CE28D3FFA30080B55A /* AlamofireImage */; };
		15C7DD5628D97622004E6603 /* MovieDetailsViewController.swift in Sources */ = {isa = PBXBuildFile; fileRef = 15C7DD5528D97622004E6603 /* MovieDetailsViewController.swift */; };
		15C7DD5828DA8BCA004E6603 /* MovieGridViewController.swift in Sources */ = {isa = PBXBuildFile; fileRef = 15C7DD5728DA8BCA004E6603 /* MovieGridViewController.swift */; };
		15C7DD5A28DA948F004E6603 /* MovieGridCell.swift in Sources */ = {isa = PBXBuildFile; fileRef = 15C7DD5928DA948F004E6603 /* MovieGridCell.swift */; };
/* End PBXBuildFile section */

/* Begin PBXContainerItemProxy section */
		15C3D9AF28D3D1930080B55A /* PBXContainerItemProxy */ = {
			isa = PBXContainerItemProxy;
			containerPortal = 15C3D99028D3D1910080B55A /* Project object */;
			proxyType = 1;
			remoteGlobalIDString = 15C3D99728D3D1910080B55A;
			remoteInfo = Flix;
		};
		15C3D9B928D3D1930080B55A /* PBXContainerItemProxy */ = {
			isa = PBXContainerItemProxy;
			containerPortal = 15C3D99028D3D1910080B55A /* Project object */;
			proxyType = 1;
			remoteGlobalIDString = 15C3D99728D3D1910080B55A;
			remoteInfo = Flix;
		};
/* End PBXContainerItemProxy section */

/* Begin PBXFileReference section */
		15C3D99828D3D1910080B55A /* Flix.app */ = {isa = PBXFileReference; explicitFileType = wrapper.application; includeInIndex = 0; path = Flix.app; sourceTree = BUILT_PRODUCTS_DIR; };
		15C3D99B28D3D1910080B55A /* AppDelegate.swift */ = {isa = PBXFileReference; lastKnownFileType = sourcecode.swift; path = AppDelegate.swift; sourceTree = "<group>"; };
		15C3D99D28D3D1910080B55A /* SceneDelegate.swift */ = {isa = PBXFileReference; lastKnownFileType = sourcecode.swift; path = SceneDelegate.swift; sourceTree = "<group>"; };
		15C3D99F28D3D1910080B55A /* MoviesViewController.swift */ = {isa = PBXFileReference; lastKnownFileType = sourcecode.swift; path = MoviesViewController.swift; sourceTree = "<group>"; };
		15C3D9A228D3D1910080B55A /* Base */ = {isa = PBXFileReference; lastKnownFileType = file.storyboard; name = Base; path = Base.lproj/Main.storyboard; sourceTree = "<group>"; };
		15C3D9A428D3D1930080B55A /* Assets.xcassets */ = {isa = PBXFileReference; lastKnownFileType = folder.assetcatalog; path = Assets.xcassets; sourceTree = "<group>"; };
		15C3D9A728D3D1930080B55A /* Base */ = {isa = PBXFileReference; lastKnownFileType = file.storyboard; name = Base; path = Base.lproj/LaunchScreen.storyboard; sourceTree = "<group>"; };
		15C3D9A928D3D1930080B55A /* Info.plist */ = {isa = PBXFileReference; lastKnownFileType = text.plist.xml; path = Info.plist; sourceTree = "<group>"; };
		15C3D9AE28D3D1930080B55A /* FlixTests.xctest */ = {isa = PBXFileReference; explicitFileType = wrapper.cfbundle; includeInIndex = 0; path = FlixTests.xctest; sourceTree = BUILT_PRODUCTS_DIR; };
		15C3D9B228D3D1930080B55A /* FlixTests.swift */ = {isa = PBXFileReference; lastKnownFileType = sourcecode.swift; path = FlixTests.swift; sourceTree = "<group>"; };
		15C3D9B828D3D1930080B55A /* FlixUITests.xctest */ = {isa = PBXFileReference; explicitFileType = wrapper.cfbundle; includeInIndex = 0; path = FlixUITests.xctest; sourceTree = BUILT_PRODUCTS_DIR; };
		15C3D9BC28D3D1930080B55A /* FlixUITests.swift */ = {isa = PBXFileReference; lastKnownFileType = sourcecode.swift; path = FlixUITests.swift; sourceTree = "<group>"; };
		15C3D9BE28D3D1930080B55A /* FlixUITestsLaunchTests.swift */ = {isa = PBXFileReference; lastKnownFileType = sourcecode.swift; path = FlixUITestsLaunchTests.swift; sourceTree = "<group>"; };
		15C3D9CB28D3F9B90080B55A /* MovieCell.swift */ = {isa = PBXFileReference; lastKnownFileType = sourcecode.swift; path = MovieCell.swift; sourceTree = "<group>"; };
		15C7DD5528D97622004E6603 /* MovieDetailsViewController.swift */ = {isa = PBXFileReference; lastKnownFileType = sourcecode.swift; path = MovieDetailsViewController.swift; sourceTree = "<group>"; };
		15C7DD5728DA8BCA004E6603 /* MovieGridViewController.swift */ = {isa = PBXFileReference; lastKnownFileType = sourcecode.swift; path = MovieGridViewController.swift; sourceTree = "<group>"; };
		15C7DD5928DA948F004E6603 /* MovieGridCell.swift */ = {isa = PBXFileReference; lastKnownFileType = sourcecode.swift; path = MovieGridCell.swift; sourceTree = "<group>"; };
/* End PBXFileReference section */

/* Begin PBXFrameworksBuildPhase section */
		15C3D99528D3D1910080B55A /* Frameworks */ = {
			isa = PBXFrameworksBuildPhase;
			buildActionMask = 2147483647;
			files = (
				15C3D9CF28D3FFA30080B55A /* AlamofireImage in Frameworks */,
			);
			runOnlyForDeploymentPostprocessing = 0;
		};
		15C3D9AB28D3D1930080B55A /* Frameworks */ = {
			isa = PBXFrameworksBuildPhase;
			buildActionMask = 2147483647;
			files = (
			);
			runOnlyForDeploymentPostprocessing = 0;
		};
		15C3D9B528D3D1930080B55A /* Frameworks */ = {
			isa = PBXFrameworksBuildPhase;
			buildActionMask = 2147483647;
			files = (
			);
			runOnlyForDeploymentPostprocessing = 0;
		};
/* End PBXFrameworksBuildPhase section */

/* Begin PBXGroup section */
		15C3D98F28D3D1910080B55A = {
			isa = PBXGroup;
			children = (
				15C3D99A28D3D1910080B55A /* Flix */,
				15C3D9B128D3D1930080B55A /* FlixTests */,
				15C3D9BB28D3D1930080B55A /* FlixUITests */,
				15C3D99928D3D1910080B55A /* Products */,
			);
			sourceTree = "<group>";
		};
		15C3D99928D3D1910080B55A /* Products */ = {
			isa = PBXGroup;
			children = (
				15C3D99828D3D1910080B55A /* Flix.app */,
				15C3D9AE28D3D1930080B55A /* FlixTests.xctest */,
				15C3D9B828D3D1930080B55A /* FlixUITests.xctest */,
			);
			name = Products;
			sourceTree = "<group>";
		};
		15C3D99A28D3D1910080B55A /* Flix */ = {
			isa = PBXGroup;
			children = (
				15C3D99B28D3D1910080B55A /* AppDelegate.swift */,
				15C3D99D28D3D1910080B55A /* SceneDelegate.swift */,
				15C3D99F28D3D1910080B55A /* MoviesViewController.swift */,
				15C3D9A128D3D1910080B55A /* Main.storyboard */,
				15C3D9A428D3D1930080B55A /* Assets.xcassets */,
				15C3D9A628D3D1930080B55A /* LaunchScreen.storyboard */,
				15C3D9A928D3D1930080B55A /* Info.plist */,
				15C3D9CB28D3F9B90080B55A /* MovieCell.swift */,
				15C7DD5528D97622004E6603 /* MovieDetailsViewController.swift */,
				15C7DD5728DA8BCA004E6603 /* MovieGridViewController.swift */,
				15C7DD5928DA948F004E6603 /* MovieGridCell.swift */,
			);
			path = Flix;
			sourceTree = "<group>";
		};
		15C3D9B128D3D1930080B55A /* FlixTests */ = {
			isa = PBXGroup;
			children = (
				15C3D9B228D3D1930080B55A /* FlixTests.swift */,
			);
			path = FlixTests;
			sourceTree = "<group>";
		};
		15C3D9BB28D3D1930080B55A /* FlixUITests */ = {
			isa = PBXGroup;
			children = (
				15C3D9BC28D3D1930080B55A /* FlixUITests.swift */,
				15C3D9BE28D3D1930080B55A /* FlixUITestsLaunchTests.swift */,
			);
			path = FlixUITests;
			sourceTree = "<group>";
		};
/* End PBXGroup section */

/* Begin PBXNativeTarget section */
		15C3D99728D3D1910080B55A /* Flix */ = {
			isa = PBXNativeTarget;
			buildConfigurationList = 15C3D9C228D3D1930080B55A /* Build configuration list for PBXNativeTarget "Flix" */;
			buildPhases = (
				15C3D99428D3D1910080B55A /* Sources */,
				15C3D99528D3D1910080B55A /* Frameworks */,
				15C3D99628D3D1910080B55A /* Resources */,
			);
			buildRules = (
			);
			dependencies = (
			);
			name = Flix;
			packageProductDependencies = (
				15C3D9CE28D3FFA30080B55A /* AlamofireImage */,
			);
			productName = Flix;
			productReference = 15C3D99828D3D1910080B55A /* Flix.app */;
			productType = "com.apple.product-type.application";
		};
		15C3D9AD28D3D1930080B55A /* FlixTests */ = {
			isa = PBXNativeTarget;
			buildConfigurationList = 15C3D9C528D3D1930080B55A /* Build configuration list for PBXNativeTarget "FlixTests" */;
			buildPhases = (
				15C3D9AA28D3D1930080B55A /* Sources */,
				15C3D9AB28D3D1930080B55A /* Frameworks */,
				15C3D9AC28D3D1930080B55A /* Resources */,
			);
			buildRules = (
			);
			dependencies = (
				15C3D9B028D3D1930080B55A /* PBXTargetDependency */,
			);
			name = FlixTests;
			productName = FlixTests;
			productReference = 15C3D9AE28D3D1930080B55A /* FlixTests.xctest */;
			productType = "com.apple.product-type.bundle.unit-test";
		};
		15C3D9B728D3D1930080B55A /* FlixUITests */ = {
			isa = PBXNativeTarget;
			buildConfigurationList = 15C3D9C828D3D1930080B55A /* Build configuration list for PBXNativeTarget "FlixUITests" */;
			buildPhases = (
				15C3D9B428D3D1930080B55A /* Sources */,
				15C3D9B528D3D1930080B55A /* Frameworks */,
				15C3D9B628D3D1930080B55A /* Resources */,
			);
			buildRules = (
			);
			dependencies = (
				15C3D9BA28D3D1930080B55A /* PBXTargetDependency */,
			);
			name = FlixUITests;
			productName = FlixUITests;
			productReference = 15C3D9B828D3D1930080B55A /* FlixUITests.xctest */;
			productType = "com.apple.product-type.bundle.ui-testing";
		};
/* End PBXNativeTarget section */

/* Begin PBXProject section */
		15C3D99028D3D1910080B55A /* Project object */ = {
			isa = PBXProject;
			attributes = {
				BuildIndependentTargetsInParallel = 1;
				LastSwiftUpdateCheck = 1340;
				LastUpgradeCheck = 1340;
				TargetAttributes = {
					15C3D99728D3D1910080B55A = {
						CreatedOnToolsVersion = 13.4.1;
					};
					15C3D9AD28D3D1930080B55A = {
						CreatedOnToolsVersion = 13.4.1;
						TestTargetID = 15C3D99728D3D1910080B55A;
					};
					15C3D9B728D3D1930080B55A = {
						CreatedOnToolsVersion = 13.4.1;
						TestTargetID = 15C3D99728D3D1910080B55A;
					};
				};
			};
			buildConfigurationList = 15C3D99328D3D1910080B55A /* Build configuration list for PBXProject "Flix" */;
			compatibilityVersion = "Xcode 13.0";
			developmentRegion = en;
			hasScannedForEncodings = 0;
			knownRegions = (
				en,
				Base,
			);
			mainGroup = 15C3D98F28D3D1910080B55A;
			packageReferences = (
				15C3D9CD28D3FFA30080B55A /* XCRemoteSwiftPackageReference "AlamofireImage" */,
			);
			productRefGroup = 15C3D99928D3D1910080B55A /* Products */;
			projectDirPath = "";
			projectRoot = "";
			targets = (
				15C3D99728D3D1910080B55A /* Flix */,
				15C3D9AD28D3D1930080B55A /* FlixTests */,
				15C3D9B728D3D1930080B55A /* FlixUITests */,
			);
		};
/* End PBXProject section */

/* Begin PBXResourcesBuildPhase section */
		15C3D99628D3D1910080B55A /* Resources */ = {
			isa = PBXResourcesBuildPhase;
			buildActionMask = 2147483647;
			files = (
				15C3D9A828D3D1930080B55A /* LaunchScreen.storyboard in Resources */,
				15C3D9A528D3D1930080B55A /* Assets.xcassets in Resources */,
				15C3D9A328D3D1910080B55A /* Main.storyboard in Resources */,
			);
			runOnlyForDeploymentPostprocessing = 0;
		};
		15C3D9AC28D3D1930080B55A /* Resources */ = {
			isa = PBXResourcesBuildPhase;
			buildActionMask = 2147483647;
			files = (
			);
			runOnlyForDeploymentPostprocessing = 0;
		};
		15C3D9B628D3D1930080B55A /* Resources */ = {
			isa = PBXResourcesBuildPhase;
			buildActionMask = 2147483647;
			files = (
			);
			runOnlyForDeploymentPostprocessing = 0;
		};
/* End PBXResourcesBuildPhase section */

/* Begin PBXSourcesBuildPhase section */
		15C3D99428D3D1910080B55A /* Sources */ = {
			isa = PBXSourcesBuildPhase;
			buildActionMask = 2147483647;
			files = (
				15C7DD5628D97622004E6603 /* MovieDetailsViewController.swift in Sources */,
				15C3D9A028D3D1910080B55A /* MoviesViewController.swift in Sources */,
				15C3D99C28D3D1910080B55A /* AppDelegate.swift in Sources */,
				15C3D9CC28D3F9B90080B55A /* MovieCell.swift in Sources */,
				15C3D99E28D3D1910080B55A /* SceneDelegate.swift in Sources */,
				15C7DD5828DA8BCA004E6603 /* MovieGridViewController.swift in Sources */,
				15C7DD5A28DA948F004E6603 /* MovieGridCell.swift in Sources */,
			);
			runOnlyForDeploymentPostprocessing = 0;
		};
		15C3D9AA28D3D1930080B55A /* Sources */ = {
			isa = PBXSourcesBuildPhase;
			buildActionMask = 2147483647;
			files = (
				15C3D9B328D3D1930080B55A /* FlixTests.swift in Sources */,
			);
			runOnlyForDeploymentPostprocessing = 0;
		};
		15C3D9B428D3D1930080B55A /* Sources */ = {
			isa = PBXSourcesBuildPhase;
			buildActionMask = 2147483647;
			files = (
				15C3D9BD28D3D1930080B55A /* FlixUITests.swift in Sources */,
				15C3D9BF28D3D1930080B55A /* FlixUITestsLaunchTests.swift in Sources */,
			);
			runOnlyForDeploymentPostprocessing = 0;
		};
/* End PBXSourcesBuildPhase section */

/* Begin PBXTargetDependency section */
		15C3D9B028D3D1930080B55A /* PBXTargetDependency */ = {
			isa = PBXTargetDependency;
			target = 15C3D99728D3D1910080B55A /* Flix */;
			targetProxy = 15C3D9AF28D3D1930080B55A /* PBXContainerItemProxy */;
		};
		15C3D9BA28D3D1930080B55A /* PBXTargetDependency */ = {
			isa = PBXTargetDependency;
			target = 15C3D99728D3D1910080B55A /* Flix */;
			targetProxy = 15C3D9B928D3D1930080B55A /* PBXContainerItemProxy */;
		};
/* End PBXTargetDependency section */

/* Begin PBXVariantGroup section */
		15C3D9A128D3D1910080B55A /* Main.storyboard */ = {
			isa = PBXVariantGroup;
			children = (
				15C3D9A228D3D1910080B55A /* Base */,
			);
			name = Main.storyboard;
			sourceTree = "<group>";
		};
		15C3D9A628D3D1930080B55A /* LaunchScreen.storyboard */ = {
			isa = PBXVariantGroup;
			children = (
				15C3D9A728D3D1930080B55A /* Base */,
			);
			name = LaunchScreen.storyboard;
			sourceTree = "<group>";
		};
/* End PBXVariantGroup section */

/* Begin XCBuildConfiguration section */
		15C3D9C028D3D1930080B55A /* Debug */ = {
			isa = XCBuildConfiguration;
			buildSettings = {
				ALWAYS_SEARCH_USER_PATHS = NO;
				CLANG_ANALYZER_NONNULL = YES;
				CLANG_ANALYZER_NUMBER_OBJECT_CONVERSION = YES_AGGRESSIVE;
				CLANG_CXX_LANGUAGE_STANDARD = "gnu++17";
				CLANG_ENABLE_MODULES = YES;
				CLANG_ENABLE_OBJC_ARC = YES;
				CLANG_ENABLE_OBJC_WEAK = YES;
				CLANG_WARN_BLOCK_CAPTURE_AUTORELEASING = YES;
				CLANG_WARN_BOOL_CONVERSION = YES;
				CLANG_WARN_COMMA = YES;
				CLANG_WARN_CONSTANT_CONVERSION = YES;
				CLANG_WARN_DEPRECATED_OBJC_IMPLEMENTATIONS = YES;
				CLANG_WARN_DIRECT_OBJC_ISA_USAGE = YES_ERROR;
				CLANG_WARN_DOCUMENTATION_COMMENTS = YES;
				CLANG_WARN_EMPTY_BODY = YES;
				CLANG_WARN_ENUM_CONVERSION = YES;
				CLANG_WARN_INFINITE_RECURSION = YES;
				CLANG_WARN_INT_CONVERSION = YES;
				CLANG_WARN_NON_LITERAL_NULL_CONVERSION = YES;
				CLANG_WARN_OBJC_IMPLICIT_RETAIN_SELF = YES;
				CLANG_WARN_OBJC_LITERAL_CONVERSION = YES;
				CLANG_WARN_OBJC_ROOT_CLASS = YES_ERROR;
				CLANG_WARN_QUOTED_INCLUDE_IN_FRAMEWORK_HEADER = YES;
				CLANG_WARN_RANGE_LOOP_ANALYSIS = YES;
				CLANG_WARN_STRICT_PROTOTYPES = YES;
				CLANG_WARN_SUSPICIOUS_MOVE = YES;
				CLANG_WARN_UNGUARDED_AVAILABILITY = YES_AGGRESSIVE;
				CLANG_WARN_UNREACHABLE_CODE = YES;
				CLANG_WARN__DUPLICATE_METHOD_MATCH = YES;
				COPY_PHASE_STRIP = NO;
				DEBUG_INFORMATION_FORMAT = dwarf;
				ENABLE_STRICT_OBJC_MSGSEND = YES;
				ENABLE_TESTABILITY = YES;
				GCC_C_LANGUAGE_STANDARD = gnu11;
				GCC_DYNAMIC_NO_PIC = NO;
				GCC_NO_COMMON_BLOCKS = YES;
				GCC_OPTIMIZATION_LEVEL = 0;
				GCC_PREPROCESSOR_DEFINITIONS = (
					"DEBUG=1",
					"$(inherited)",
				);
				GCC_WARN_64_TO_32_BIT_CONVERSION = YES;
				GCC_WARN_ABOUT_RETURN_TYPE = YES_ERROR;
				GCC_WARN_UNDECLARED_SELECTOR = YES;
				GCC_WARN_UNINITIALIZED_AUTOS = YES_AGGRESSIVE;
				GCC_WARN_UNUSED_FUNCTION = YES;
				GCC_WARN_UNUSED_VARIABLE = YES;
				IPHONEOS_DEPLOYMENT_TARGET = 15.5;
				MTL_ENABLE_DEBUG_INFO = INCLUDE_SOURCE;
				MTL_FAST_MATH = YES;
				ONLY_ACTIVE_ARCH = YES;
				SDKROOT = iphoneos;
				SWIFT_ACTIVE_COMPILATION_CONDITIONS = DEBUG;
				SWIFT_OPTIMIZATION_LEVEL = "-Onone";
			};
			name = Debug;
		};
		15C3D9C128D3D1930080B55A /* Release */ = {
			isa = XCBuildConfiguration;
			buildSettings = {
				ALWAYS_SEARCH_USER_PATHS = NO;
				CLANG_ANALYZER_NONNULL = YES;
				CLANG_ANALYZER_NUMBER_OBJECT_CONVERSION = YES_AGGRESSIVE;
				CLANG_CXX_LANGUAGE_STANDARD = "gnu++17";
				CLANG_ENABLE_MODULES = YES;
				CLANG_ENABLE_OBJC_ARC = YES;
				CLANG_ENABLE_OBJC_WEAK = YES;
				CLANG_WARN_BLOCK_CAPTURE_AUTORELEASING = YES;
				CLANG_WARN_BOOL_CONVERSION = YES;
				CLANG_WARN_COMMA = YES;
				CLANG_WARN_CONSTANT_CONVERSION = YES;
				CLANG_WARN_DEPRECATED_OBJC_IMPLEMENTATIONS = YES;
				CLANG_WARN_DIRECT_OBJC_ISA_USAGE = YES_ERROR;
				CLANG_WARN_DOCUMENTATION_COMMENTS = YES;
				CLANG_WARN_EMPTY_BODY = YES;
				CLANG_WARN_ENUM_CONVERSION = YES;
				CLANG_WARN_INFINITE_RECURSION = YES;
				CLANG_WARN_INT_CONVERSION = YES;
				CLANG_WARN_NON_LITERAL_NULL_CONVERSION = YES;
				CLANG_WARN_OBJC_IMPLICIT_RETAIN_SELF = YES;
				CLANG_WARN_OBJC_LITERAL_CONVERSION = YES;
				CLANG_WARN_OBJC_ROOT_CLASS = YES_ERROR;
				CLANG_WARN_QUOTED_INCLUDE_IN_FRAMEWORK_HEADER = YES;
				CLANG_WARN_RANGE_LOOP_ANALYSIS = YES;
				CLANG_WARN_STRICT_PROTOTYPES = YES;
				CLANG_WARN_SUSPICIOUS_MOVE = YES;
				CLANG_WARN_UNGUARDED_AVAILABILITY = YES_AGGRESSIVE;
				CLANG_WARN_UNREACHABLE_CODE = YES;
				CLANG_WARN__DUPLICATE_METHOD_MATCH = YES;
				COPY_PHASE_STRIP = NO;
				DEBUG_INFORMATION_FORMAT = "dwarf-with-dsym";
				ENABLE_NS_ASSERTIONS = NO;
				ENABLE_STRICT_OBJC_MSGSEND = YES;
				GCC_C_LANGUAGE_STANDARD = gnu11;
				GCC_NO_COMMON_BLOCKS = YES;
				GCC_WARN_64_TO_32_BIT_CONVERSION = YES;
				GCC_WARN_ABOUT_RETURN_TYPE = YES_ERROR;
				GCC_WARN_UNDECLARED_SELECTOR = YES;
				GCC_WARN_UNINITIALIZED_AUTOS = YES_AGGRESSIVE;
				GCC_WARN_UNUSED_FUNCTION = YES;
				GCC_WARN_UNUSED_VARIABLE = YES;
				IPHONEOS_DEPLOYMENT_TARGET = 15.5;
				MTL_ENABLE_DEBUG_INFO = NO;
				MTL_FAST_MATH = YES;
				SDKROOT = iphoneos;
				SWIFT_COMPILATION_MODE = wholemodule;
				SWIFT_OPTIMIZATION_LEVEL = "-O";
				VALIDATE_PRODUCT = YES;
			};
			name = Release;
		};
		15C3D9C328D3D1930080B55A /* Debug */ = {
			isa = XCBuildConfiguration;
			buildSettings = {
				ASSETCATALOG_COMPILER_APPICON_NAME = AppIcon;
				ASSETCATALOG_COMPILER_GLOBAL_ACCENT_COLOR_NAME = AccentColor;
				CODE_SIGN_STYLE = Automatic;
				CURRENT_PROJECT_VERSION = 1;
				DEVELOPMENT_TEAM = 993ZG9A8LP;
				GENERATE_INFOPLIST_FILE = YES;
				INFOPLIST_FILE = Flix/Info.plist;
				INFOPLIST_KEY_UIApplicationSupportsIndirectInputEvents = YES;
				INFOPLIST_KEY_UILaunchStoryboardName = LaunchScreen;
				INFOPLIST_KEY_UIMainStoryboardFile = Main;
				INFOPLIST_KEY_UISupportedInterfaceOrientations_iPad = "UIInterfaceOrientationPortrait UIInterfaceOrientationPortraitUpsideDown UIInterfaceOrientationLandscapeLeft UIInterfaceOrientationLandscapeRight";
				INFOPLIST_KEY_UISupportedInterfaceOrientations_iPhone = "UIInterfaceOrientationPortrait UIInterfaceOrientationLandscapeLeft UIInterfaceOrientationLandscapeRight";
				LD_RUNPATH_SEARCH_PATHS = (
					"$(inherited)",
					"@executable_path/Frameworks",
				);
				MARKETING_VERSION = 1.0;
				PRODUCT_BUNDLE_IDENTIFIER = com.codepathFelix.Flix;
				PRODUCT_NAME = "$(TARGET_NAME)";
				SWIFT_EMIT_LOC_STRINGS = YES;
				SWIFT_VERSION = 5.0;
				TARGETED_DEVICE_FAMILY = "1,2";
			};
			name = Debug;
		};
		15C3D9C428D3D1930080B55A /* Release */ = {
			isa = XCBuildConfiguration;
			buildSettings = {
				ASSETCATALOG_COMPILER_APPICON_NAME = AppIcon;
				ASSETCATALOG_COMPILER_GLOBAL_ACCENT_COLOR_NAME = AccentColor;
				CODE_SIGN_STYLE = Automatic;
				CURRENT_PROJECT_VERSION = 1;
				DEVELOPMENT_TEAM = 993ZG9A8LP;
				GENERATE_INFOPLIST_FILE = YES;
				INFOPLIST_FILE = Flix/Info.plist;
				INFOPLIST_KEY_UIApplicationSupportsIndirectInputEvents = YES;
				INFOPLIST_KEY_UILaunchStoryboardName = LaunchScreen;
				INFOPLIST_KEY_UIMainStoryboardFile = Main;
				INFOPLIST_KEY_UISupportedInterfaceOrientations_iPad = "UIInterfaceOrientationPortrait UIInterfaceOrientationPortraitUpsideDown UIInterfaceOrientationLandscapeLeft UIInterfaceOrientationLandscapeRight";
				INFOPLIST_KEY_UISupportedInterfaceOrientations_iPhone = "UIInterfaceOrientationPortrait UIInterfaceOrientationLandscapeLeft UIInterfaceOrientationLandscapeRight";
				LD_RUNPATH_SEARCH_PATHS = (
					"$(inherited)",
					"@executable_path/Frameworks",
				);
				MARKETING_VERSION = 1.0;
				PRODUCT_BUNDLE_IDENTIFIER = com.codepathFelix.Flix;
				PRODUCT_NAME = "$(TARGET_NAME)";
				SWIFT_EMIT_LOC_STRINGS = YES;
				SWIFT_VERSION = 5.0;
				TARGETED_DEVICE_FAMILY = "1,2";
			};
			name = Release;
		};
		15C3D9C628D3D1930080B55A /* Debug */ = {
			isa = XCBuildConfiguration;
			buildSettings = {
				ALWAYS_EMBED_SWIFT_STANDARD_LIBRARIES = YES;
				BUNDLE_LOADER = "$(TEST_HOST)";
				CODE_SIGN_STYLE = Automatic;
				CURRENT_PROJECT_VERSION = 1;
				DEVELOPMENT_TEAM = 993ZG9A8LP;
				GENERATE_INFOPLIST_FILE = YES;
				IPHONEOS_DEPLOYMENT_TARGET = 15.5;
				MARKETING_VERSION = 1.0;
				PRODUCT_BUNDLE_IDENTIFIER = com.codepathFelix.FlixTests;
				PRODUCT_NAME = "$(TARGET_NAME)";
				SWIFT_EMIT_LOC_STRINGS = NO;
				SWIFT_VERSION = 5.0;
				TARGETED_DEVICE_FAMILY = "1,2";
				TEST_HOST = "$(BUILT_PRODUCTS_DIR)/Flix.app/Flix";
			};
			name = Debug;
		};
		15C3D9C728D3D1930080B55A /* Release */ = {
			isa = XCBuildConfiguration;
			buildSettings = {
				ALWAYS_EMBED_SWIFT_STANDARD_LIBRARIES = YES;
				BUNDLE_LOADER = "$(TEST_HOST)";
				CODE_SIGN_STYLE = Automatic;
				CURRENT_PROJECT_VERSION = 1;
				DEVELOPMENT_TEAM = 993ZG9A8LP;
				GENERATE_INFOPLIST_FILE = YES;
				IPHONEOS_DEPLOYMENT_TARGET = 15.5;
				MARKETING_VERSION = 1.0;
				PRODUCT_BUNDLE_IDENTIFIER = com.codepathFelix.FlixTests;
				PRODUCT_NAME = "$(TARGET_NAME)";
				SWIFT_EMIT_LOC_STRINGS = NO;
				SWIFT_VERSION = 5.0;
				TARGETED_DEVICE_FAMILY = "1,2";
				TEST_HOST = "$(BUILT_PRODUCTS_DIR)/Flix.app/Flix";
			};
			name = Release;
		};
		15C3D9C928D3D1930080B55A /* Debug */ = {
			isa = XCBuildConfiguration;
			buildSettings = {
				ALWAYS_EMBED_SWIFT_STANDARD_LIBRARIES = YES;
				CODE_SIGN_STYLE = Automatic;
				CURRENT_PROJECT_VERSION = 1;
				DEVELOPMENT_TEAM = 993ZG9A8LP;
				GENERATE_INFOPLIST_FILE = YES;
				MARKETING_VERSION = 1.0;
				PRODUCT_BUNDLE_IDENTIFIER = com.codepathFelix.FlixUITests;
				PRODUCT_NAME = "$(TARGET_NAME)";
				SWIFT_EMIT_LOC_STRINGS = NO;
				SWIFT_VERSION = 5.0;
				TARGETED_DEVICE_FAMILY = "1,2";
				TEST_TARGET_NAME = Flix;
			};
			name = Debug;
		};
		15C3D9CA28D3D1930080B55A /* Release */ = {
			isa = XCBuildConfiguration;
			buildSettings = {
				ALWAYS_EMBED_SWIFT_STANDARD_LIBRARIES = YES;
				CODE_SIGN_STYLE = Automatic;
				CURRENT_PROJECT_VERSION = 1;
				DEVELOPMENT_TEAM = 993ZG9A8LP;
				GENERATE_INFOPLIST_FILE = YES;
				MARKETING_VERSION = 1.0;
				PRODUCT_BUNDLE_IDENTIFIER = com.codepathFelix.FlixUITests;
				PRODUCT_NAME = "$(TARGET_NAME)";
				SWIFT_EMIT_LOC_STRINGS = NO;
				SWIFT_VERSION = 5.0;
				TARGETED_DEVICE_FAMILY = "1,2";
				TEST_TARGET_NAME = Flix;
			};
			name = Release;
		};
/* End XCBuildConfiguration section */

/* Begin XCConfigurationList section */
		15C3D99328D3D1910080B55A /* Build configuration list for PBXProject "Flix" */ = {
			isa = XCConfigurationList;
			buildConfigurations = (
				15C3D9C028D3D1930080B55A /* Debug */,
				15C3D9C128D3D1930080B55A /* Release */,
			);
			defaultConfigurationIsVisible = 0;
			defaultConfigurationName = Release;
		};
		15C3D9C228D3D1930080B55A /* Build configuration list for PBXNativeTarget "Flix" */ = {
			isa = XCConfigurationList;
			buildConfigurations = (
				15C3D9C328D3D1930080B55A /* Debug */,
				15C3D9C428D3D1930080B55A /* Release */,
			);
			defaultConfigurationIsVisible = 0;
			defaultConfigurationName = Release;
		};
		15C3D9C528D3D1930080B55A /* Build configuration list for PBXNativeTarget "FlixTests" */ = {
			isa = XCConfigurationList;
			buildConfigurations = (
				15C3D9C628D3D1930080B55A /* Debug */,
				15C3D9C728D3D1930080B55A /* Release */,
			);
			defaultConfigurationIsVisible = 0;
			defaultConfigurationName = Release;
		};
		15C3D9C828D3D1930080B55A /* Build configuration list for PBXNativeTarget "FlixUITests" */ = {
			isa = XCConfigurationList;
			buildConfigurations = (
				15C3D9C928D3D1930080B55A /* Debug */,
				15C3D9CA28D3D1930080B55A /* Release */,
			);
			defaultConfigurationIsVisible = 0;
			defaultConfigurationName = Release;
		};
/* End XCConfigurationList section */

/* Begin XCRemoteSwiftPackageReference section */
		15C3D9CD28D3FFA30080B55A /* XCRemoteSwiftPackageReference "AlamofireImage" */ = {
			isa = XCRemoteSwiftPackageReference;
			repositoryURL = "https://github.com/Alamofire/AlamofireImage";
			requirement = {
				kind = upToNextMajorVersion;
				minimumVersion = 4.0.0;
			};
		};
/* End XCRemoteSwiftPackageReference section */

/* Begin XCSwiftPackageProductDependency section */
		15C3D9CE28D3FFA30080B55A /* AlamofireImage */ = {
			isa = XCSwiftPackageProductDependency;
			package = 15C3D9CD28D3FFA30080B55A /* XCRemoteSwiftPackageReference "AlamofireImage" */;
			productName = AlamofireImage;
		};
/* End XCSwiftPackageProductDependency section */
	};
	rootObject = 15C3D99028D3D1910080B55A /* Project object */;
}
